<?xml version="1.0" encoding="utf-8"?>
<Project ToolsVersion="4.0" xmlns="http://schemas.microsoft.com/developer/msbuild/2003">
  <ItemGroup>
    <Filter Include="源文件">
      <UniqueIdentifier>{4FC737F1-C7A5-4376-A066-2A32D752A2FF}</UniqueIdentifier>
      <Extensions>cpp;c;cc;cxx;def;odl;idl;hpj;bat;asm;asmx</Extensions>
    </Filter>
    <Filter Include="头文件">
      <UniqueIdentifier>{93995380-89BD-4b04-88EB-625FBE52EBFB}</UniqueIdentifier>
      <Extensions>h;hh;hpp;hxx;hm;inl;inc;xsd</Extensions>
    </Filter>
    <Filter Include="资源文件">
      <UniqueIdentifier>{67DA6AB6-F800-4c08-8B7A-83BB121AAD01}</UniqueIdentifier>
      <Extensions>rc;ico;cur;bmp;dlg;rc2;rct;bin;rgs;gif;jpg;jpeg;jpe;resx;tiff;tif;png;wav;mfcribbon-ms</Extensions>
    </Filter>
    <Filter Include="头文件\iterator">
      <UniqueIdentifier>{e8bcd3dc-727a-4c07-8e01-7e79e33768f8}</UniqueIdentifier>
    </Filter>
    <Filter Include="源文件\testIterator">
      <UniqueIdentifier>{c48506e6-7e72-4b38-b0a3-2b63baa75c0a}</UniqueIdentifier>
    </Filter>
    <Filter Include="头文件\allocator">
      <UniqueIdentifier>{e4db4dd6-473f-46c0-9d47-577c8a8fcfa0}</UniqueIdentifier>
    </Filter>
    <Filter Include="源文件\testAllocator">
      <UniqueIdentifier>{6268450e-ad67-4975-9bd9-36d022c980da}</UniqueIdentifier>
    </Filter>
    <Filter Include="头文件\algobase">
      <UniqueIdentifier>{ac1ea07d-5989-472a-b234-5cc50d06f839}</UniqueIdentifier>
    </Filter>
    <Filter Include="源文件\testAlgobase">
      <UniqueIdentifier>{c9aa233e-317b-4684-9f3c-c52b403b3fa2}</UniqueIdentifier>
    </Filter>
    <Filter Include="源文件\testVector">
      <UniqueIdentifier>{f465a247-7167-4eaa-ab3a-2b4d51f566e7}</UniqueIdentifier>
    </Filter>
    <Filter Include="头文件\vector">
      <UniqueIdentifier>{8c649e2f-5e28-4e25-8c05-77ac6e012e81}</UniqueIdentifier>
    </Filter>
    <Filter Include="头文件\list">
      <UniqueIdentifier>{92905248-f01d-4f23-8c26-5a24e0d9c5a3}</UniqueIdentifier>
    </Filter>
    <Filter Include="源文件\testList">
      <UniqueIdentifier>{2eebbef7-73ae-414b-a9cb-c92e62243b44}</UniqueIdentifier>
    </Filter>
  </ItemGroup>
  <ItemGroup>
    <Text Include="ReadMe.txt" />
  </ItemGroup>
  <ItemGroup>
    <ClInclude Include="stdafx.h">
      <Filter>头文件</Filter>
    </ClInclude>
    <ClInclude Include="targetver.h">
      <Filter>头文件</Filter>
    </ClInclude>
    <ClInclude Include="kswList.h">
      <Filter>头文件\iterator</Filter>
    </ClInclude>
    <ClInclude Include="kswAlloc.h">
      <Filter>头文件\allocator</Filter>
    </ClInclude>
    <ClInclude Include="ListItem.h">
      <Filter>头文件\iterator</Filter>
    </ClInclude>
    <ClInclude Include="kswIterator.h">
      <Filter>头文件\iterator</Filter>
    </ClInclude>
    <ClInclude Include="kswVector.h">
      <Filter>头文件\vector</Filter>
    </ClInclude>
    <ClInclude Include="globalConstruct.h">
      <Filter>头文件\allocator</Filter>
    </ClInclude>
    <ClInclude Include="ListNode.h">
      <Filter>头文件\list</Filter>
    </ClInclude>
    <ClInclude Include="ListIterator.h">
      <Filter>头文件\list</Filter>
    </ClInclude>
    <ClInclude Include="_kswList.h">
      <Filter>头文件\list</Filter>
    </ClInclude>
  </ItemGroup>
  <ItemGroup>
    <ClCompile Include="stdafx.cpp">
      <Filter>源文件</Filter>
    </ClCompile>
    <ClCompile Include="kswSTL.cpp">
      <Filter>源文件</Filter>
    </ClCompile>
    <ClCompile Include="allocator.cpp">
      <Filter>源文件\testAllocator</Filter>
    </ClCompile>
    <ClCompile Include="testIterator.cpp">
      <Filter>源文件\testIterator</Filter>
    </ClCompile>
    <ClCompile Include="testVector.cpp">
      <Filter>源文件\testVector</Filter>
    </ClCompile>
    <ClCompile Include="testList.cpp">
      <Filter>源文件\testList</Filter>
    </ClCompile>
  </ItemGroup>
</Project>